<?xml version="1.0" encoding="utf-8"?>
<Project ToolsVersion="4.0" xmlns="http://schemas.microsoft.com/developer/msbuild/2003">
  <ItemGroup>
    <Filter Include="源文件">
      <UniqueIdentifier>{4FC737F1-C7A5-4376-A066-2A32D752A2FF}</UniqueIdentifier>
      <Extensions>cpp;c;cc;cxx;def;odl;idl;hpj;bat;asm;asmx</Extensions>
    </Filter>
    <Filter Include="头文件">
      <UniqueIdentifier>{93995380-89BD-4b04-88EB-625FBE52EBFB}</UniqueIdentifier>
      <Extensions>h;hpp;hxx;hm;inl;inc;xsd</Extensions>
    </Filter>
    <Filter Include="资源文件">
      <UniqueIdentifier>{67DA6AB6-F800-4c08-8B7A-83BB121AAD01}</UniqueIdentifier>
      <Extensions>rc;ico;cur;bmp;dlg;rc2;rct;bin;rgs;gif;jpg;jpeg;jpe;resx;tiff;tif;png;wav;mfcribbon-ms</Extensions>
    </Filter>
  </ItemGroup>
  <ItemGroup>
    <ClInclude Include="def.h">
      <Filter>头文件</Filter>
    </ClInclude>
  </ItemGroup>
  <ItemGroup>
    <ClCompile Include="atof.cpp">
      <Filter>源文件</Filter>
    </ClCompile>
    <ClCompile Include="Christoffel.cpp">
      <Filter>源文件</Filter>
    </ClCompile>
    <ClCompile Include="find_isco.cpp">
      <Filter>源文件</Filter>
    </ClCompile>
    <ClCompile Include="find_isco_old.cpp">
      <Filter>源文件</Filter>
    </ClCompile>
    <ClCompile Include="integral.cpp">
      <Filter>源文件</Filter>
    </ClCompile>
    <ClCompile Include="intersection_new.cpp">
      <Filter>源文件</Filter>
    </ClCompile>
    <ClCompile Include="main.cpp">
      <Filter>源文件</Filter>
    </ClCompile>
    <ClCompile Include="metric_JP.cpp">
      <Filter>源文件</Filter>
    </ClCompile>
    <ClCompile Include="outp_spec.cpp">
      <Filter>源文件</Filter>
    </ClCompile>
    <ClCompile Include="r_omega.cpp">
      <Filter>源文件</Filter>
    </ClCompile>
    <ClCompile Include="r_orbit_of_omega.cpp">
      <Filter>源文件</Filter>
    </ClCompile>
    <ClCompile Include="radial_ptn.cpp">
      <Filter>源文件</Filter>
    </ClCompile>
    <ClCompile Include="raytracing.cpp">
      <Filter>源文件</Filter>
    </ClCompile>
    <ClCompile Include="redshift.cpp">
      <Filter>源文件</Filter>
    </ClCompile>
    <ClCompile Include="RungeKuttaNystrom.cpp">
      <Filter>源文件</Filter>
    </ClCompile>
    <ClCompile Include="shift_peak.cpp">
      <Filter>源文件</Filter>
    </ClCompile>
    <ClCompile Include="timer.cpp">
      <Filter>源文件</Filter>
    </ClCompile>
    <ClCompile Include="spec.cpp">
      <Filter>源文件</Filter>
    </ClCompile>
    <ClCompile Include="spec_backup.cpp">
      <Filter>源文件</Filter>
    </ClCompile>
  </ItemGroup>
</Project>